{
  "version": 4,
  "terraform_version": "1.15.8",
  "serial": 165,
  "lineage": "c0997b1f-6c45-5d95-103a-00760c03586c",
  "outputs": {},
  "resources": [
    {
      "mode": "managed",
      "type": "azurerm_databricks_workspace",
      "name": "this",
      "provider": "provider[\"registry.terraform.io/hashicorp/azurerm\"]",
      "instances": [
        {
          "schema_version": 0,
          "attributes": {
            "access_connector_id": null,
            "custom_parameters": [
              {
                "machine_learning_workspace_id": "",
                "nat_gateway_name": "",
                "no_public_ip": true,
                "private_subnet_name": "snet-dbw-private",
                "private_subnet_network_security_group_association_id": "/subscriptions/92f8b9d3-e52d-4f27-9ec4-f1720263567c/resourceGroups/rg-cloud-seguro-prod/providers/Microsoft.Network/virtualNetworks/vnet-backend-prod-eastus2/subnets/snet-dbw-private",
                "public_ip_name": "",
                "public_subnet_name": "snet-dbw-public",
                "public_subnet_network_security_group_association_id": "/subscriptions/92f8b9d3-e52d-4f27-9ec4-f1720263567c/resourceGroups/rg-cloud-seguro-prod/providers/Microsoft.Network/virtualNetworks/vnet-backend-prod-eastus2/subnets/snet-dbw-public",
                "storage_account_name": "dbstorageqs3hz7prvrpz6",
                "storage_account_sku_name": "Standard_ZRS",
                "virtual_network_id": "/subscriptions/92f8b9d3-e52d-4f27-9ec4-f1720263567c/resourceGroups/rg-cloud-seguro-prod/providers/Microsoft.Network/virtualNetworks/vnet-backend-prod-eastus2",
                "vnet_address_prefix": ""
              }
            ],
            "customer_managed_key_enabled": true,
            "default_storage_firewall_enabled": null,
            "disk_encryption_set_id": "",
            "enhanced_security_compliance": [],
            "id": "/subscriptions/92f8b9d3-e52d-4f27-9ec4-f1720263567c/resourceGroups/rg-cloud-seguro-prod/providers/Microsoft.Databricks/workspaces/dbw-secure-prod",
            "infrastructure_encryption_enabled": false,
            "load_balancer_backend_address_pool_id": "",
            "location": "eastus2",
            "managed_disk_cmk_key_vault_id": "",
            "managed_disk_cmk_key_vault_key_id": "",
            "managed_disk_cmk_rotation_to_latest_version_enabled": false,
            "managed_disk_identity": [],
            "managed_resource_group_id": "/subscriptions/92f8b9d3-e52d-4f27-9ec4-f1720263567c/resourceGroups/dbw-secure-prod-managed-v2-rg",
            "managed_resource_group_name": "dbw-secure-prod-managed-v2-rg",
            "managed_services_cmk_key_vault_id": "",
            "managed_services_cmk_key_vault_key_id": "",
            "name": "dbw-secure-prod",
            "network_security_group_rules_required": "AllRules",
            "public_network_access_enabled": true,
            "resource_group_name": "rg-cloud-seguro-prod",
            "sku": "premium",
            "storage_account_identity": [
              {
                "principal_id": "b9b48d52-93b1-442a-ab63-7ef9a64c5175",
                "tenant_id": "2931b680-d114-4bba-a993-64339fca293e",
                "type": "SystemAssigned"
              }
            ],
            "tags": {},
            "timeouts": null,
            "workspace_id": "7405606170745850",
            "workspace_url": "adb-7405606170745850.10.azuredatabricks.net"
          },
          "sensitive_attributes": [],
          "identity_schema_version": 0,
          "identity": {
            "name": "dbw-secure-prod",
            "resource_group_name": "rg-cloud-seguro-prod",
            "subscription_id": "92f8b9d3-e52d-4f27-9ec4-f1720263567c"
          },
          "private": "eyJlMmJmYjczMC1lY2FhLTExZTYtOGY4OC0zNDM2M2JjN2M0YzAiOnsiY3JlYXRlIjoxODAwMDAwMDAwMDAwLCJkZWxldGUiOjE4MDAwMDAwMDAwMDAsInJlYWQiOjMwMDAwMDAwMDAwMCwidXBkYXRlIjoxODAwMDAwMDAwMDAwfX0=",
          "dependencies": [
            "azurerm_network_security_group.db_nsg",
            "azurerm_resource_group.this",
            "azurerm_subnet.private",
            "azurerm_subnet.public",
            "azurerm_subnet_network_security_group_association.private",
            "azurerm_subnet_network_security_group_association.public",
            "azurerm_virtual_network.this"
          ]
        }
      ]
    },
    {
      "mode": "managed",
      "type": "azurerm_network_security_group",
      "name": "db_nsg",
      "provider": "provider[\"registry.terraform.io/hashicorp/azurerm\"]",
      "instances": [
        {
          "schema_version": 0,
          "attributes": {
            "id": "/subscriptions/92f8b9d3-e52d-4f27-9ec4-f1720263567c/resourceGroups/rg-cloud-seguro-prod/providers/Microsoft.Network/networkSecurityGroups/nsg-databricks-seguro",
            "location": "eastus2",
            "name": "nsg-databricks-seguro",
            "resource_group_name": "rg-cloud-seguro-prod",
            "security_rule": [
              {
                "access": "Allow",
                "description": "Required for worker communication with Azure Eventhub services.",
                "destination_address_prefix": "EventHub",
                "destination_address_prefixes": [],
                "destination_application_security_group_ids": [],
                "destination_port_range": "9093",
                "destination_port_ranges": [],
                "direction": "Outbound",
                "name": "Microsoft.Databricks-workspaces_UseOnly_databricks-worker-to-eventhub",
                "priority": 104,
                "protocol": "Tcp",
                "source_address_prefix": "VirtualNetwork",
                "source_address_prefixes": [],
                "source_application_security_group_ids": [],
                "source_port_range": "*",
                "source_port_ranges": []
              },
              {
                "access": "Allow",
                "description": "Required for worker nodes communication within a cluster.",
                "destination_address_prefix": "VirtualNetwork",
                "destination_address_prefixes": [],
                "destination_application_security_group_ids": [],
                "destination_port_range": "*",
                "destination_port_ranges": [],
                "direction": "Inbound",
                "name": "Microsoft.Databricks-workspaces_UseOnly_databricks-worker-to-worker-inbound",
                "priority": 100,
                "protocol": "*",
                "source_address_prefix": "VirtualNetwork",
                "source_address_prefixes": [],
                "source_application_security_group_ids": [],
                "source_port_range": "*",
                "source_port_ranges": []
              },
              {
                "access": "Allow",
                "description": "Required for worker nodes communication within a cluster.",
                "destination_address_prefix": "VirtualNetwork",
                "destination_address_prefixes": [],
                "destination_application_security_group_ids": [],
                "destination_port_range": "*",
                "destination_port_ranges": [],
                "direction": "Outbound",
                "name": "Microsoft.Databricks-workspaces_UseOnly_databricks-worker-to-worker-outbound",
                "priority": 100,
                "protocol": "*",
                "source_address_prefix": "VirtualNetwork",
                "source_address_prefixes": [],
                "source_application_security_group_ids": [],
                "source_port_range": "*",
                "source_port_ranges": []
              },
              {
                "access": "Allow",
                "description": "Required for workers communication with Azure SQL services.",
                "destination_address_prefix": "Sql",
                "destination_address_prefixes": [],
                "destination_application_security_group_ids": [],
                "destination_port_range": "3306",
                "destination_port_ranges": [],
                "direction": "Outbound",
                "name": "Microsoft.Databricks-workspaces_UseOnly_databricks-worker-to-sql",
                "priority": 102,
                "protocol": "Tcp",
                "source_address_prefix": "VirtualNetwork",
                "source_address_prefixes": [],
                "source_application_security_group_ids": [],
                "source_port_range": "*",
                "source_port_ranges": []
              },
              {
                "access": "Allow",
                "description": "Required for workers communication with Azure Storage services.",
                "destination_address_prefix": "Storage",
                "destination_address_prefixes": [],
                "destination_application_security_group_ids": [],
                "destination_port_range": "443",
                "destination_port_ranges": [],
                "direction": "Outbound",
                "name": "Microsoft.Databricks-workspaces_UseOnly_databricks-worker-to-storage",
                "priority": 103,
                "protocol": "Tcp",
                "source_address_prefix": "VirtualNetwork",
                "source_address_prefixes": [],
                "source_application_security_group_ids": [],
                "source_port_range": "*",
                "source_port_ranges": []
              },
              {
                "access": "Allow",
                "description": "Required for workers communication with Databricks control plane.",
                "destination_address_prefix": "AzureDatabricks",
                "destination_address_prefixes": [],
                "destination_application_security_group_ids": [],
                "destination_port_range": "",
                "destination_port_ranges": [
                  "3306",
                  "443",
                  "8443-8451"
                ],
                "direction": "Outbound",
                "name": "Microsoft.Databricks-workspaces_UseOnly_databricks-worker-to-databricks-webapp",
                "priority": 101,
                "protocol": "Tcp",
                "source_address_prefix": "VirtualNetwork",
                "source_address_prefixes": [],
                "source_application_security_group_ids": [],
                "source_port_range": "*",
                "source_port_ranges": []
              }
            ],
            "tags": {},
            "timeouts": null
          },
          "sensitive_attributes": [],
          "identity_schema_version": 0,
          "identity": {
            "name": "nsg-databricks-seguro",
            "resource_group_name": "rg-cloud-seguro-prod",
            "subscription_id": "92f8b9d3-e52d-4f27-9ec4-f1720263567c"
          },
          "private": "eyJlMmJmYjczMC1lY2FhLTExZTYtOGY4OC0zNDM2M2JjN2M0YzAiOnsiY3JlYXRlIjoxODAwMDAwMDAwMDAwLCJkZWxldGUiOjE4MDAwMDAwMDAwMDAsInJlYWQiOjMwMDAwMDAwMDAwMCwidXBkYXRlIjoxODAwMDAwMDAwMDAwfX0=",
          "dependencies": [
            "azurerm_resource_group.this"
          ]
        }
      ]
    },
    {
      "mode": "managed",
      "type": "azurerm_private_dns_a_record",
      "name": "auth",
      "provider": "provider[\"registry.terraform.io/hashicorp/azurerm\"]",
      "instances": [
        {
          "schema_version": 0,
          "attributes": {
            "fqdn": "dbw-secure-prod-auth.privatelink.azuredatabricks.net.",
            "id": "/subscriptions/92f8b9d3-e52d-4f27-9ec4-f1720263567c/resourceGroups/rg-cloud-seguro-prod/providers/Microsoft.Network/privateDnsZones/privatelink.azuredatabricks.net/A/dbw-secure-prod-auth",
            "name": "dbw-secure-prod-auth",
            "records": [
              "10.0.3.5"
            ],
            "resource_group_name": "rg-cloud-seguro-prod",
            "tags": {},
            "timeouts": null,
            "ttl": 3600,
            "zone_name": "privatelink.azuredatabricks.net"
          },
          "sensitive_attributes": [],
          "identity_schema_version": 0,
          "identity": {
            "name": "dbw-secure-prod-auth",
            "private_dns_zone_name": "privatelink.azuredatabricks.net",
            "record_type": "A",
            "resource_group_name": "rg-cloud-seguro-prod",
            "subscription_id": "92f8b9d3-e52d-4f27-9ec4-f1720263567c"
          },
          "private": "eyJlMmJmYjczMC1lY2FhLTExZTYtOGY4OC0zNDM2M2JjN2M0YzAiOnsiY3JlYXRlIjoxODAwMDAwMDAwMDAwLCJkZWxldGUiOjE4MDAwMDAwMDAwMDAsInJlYWQiOjMwMDAwMDAwMDAwMCwidXBkYXRlIjoxODAwMDAwMDAwMDAwfX0=",
          "dependencies": [
            "azurerm_databricks_workspace.this",
            "azurerm_network_security_group.db_nsg",
            "azurerm_private_dns_zone.databricks",
            "azurerm_private_endpoint.web_auth",
            "azurerm_resource_group.this",
            "azurerm_subnet.endpoints",
            "azurerm_subnet.private",
            "azurerm_subnet.public",
            "azurerm_subnet_network_security_group_association.private",
            "azurerm_subnet_network_security_group_association.public",
            "azurerm_virtual_network.this"
          ]
        }
      ]
    },
    {
      "mode": "managed",
      "type": "azurerm_private_dns_a_record",
      "name": "this",
      "provider": "provider[\"registry.terraform.io/hashicorp/azurerm\"]",
      "instances": [
        {
          "schema_version": 0,
          "attributes": {
            "fqdn": "dbw-secure-prod.privatelink.azuredatabricks.net.",
            "id": "/subscriptions/92f8b9d3-e52d-4f27-9ec4-f1720263567c/resourceGroups/rg-cloud-seguro-prod/providers/Microsoft.Network/privateDnsZones/privatelink.azuredatabricks.net/A/dbw-secure-prod",
            "name": "dbw-secure-prod",
            "records": [
              "10.0.3.4"
            ],
            "resource_group_name": "rg-cloud-seguro-prod",
            "tags": {},
            "timeouts": null,
            "ttl": 3600,
            "zone_name": "privatelink.azuredatabricks.net"
          },
          "sensitive_attributes": [],
          "identity_schema_version": 0,
          "identity": {
            "name": "dbw-secure-prod",
            "private_dns_zone_name": "privatelink.azuredatabricks.net",
            "record_type": "A",
            "resource_group_name": "rg-cloud-seguro-prod",
            "subscription_id": "92f8b9d3-e52d-4f27-9ec4-f1720263567c"
          },
          "private": "eyJlMmJmYjczMC1lY2FhLTExZTYtOGY4OC0zNDM2M2JjN2M0YzAiOnsiY3JlYXRlIjoxODAwMDAwMDAwMDAwLCJkZWxldGUiOjE4MDAwMDAwMDAwMDAsInJlYWQiOjMwMDAwMDAwMDAwMCwidXBkYXRlIjoxODAwMDAwMDAwMDAwfX0=",
          "dependencies": [
            "azurerm_databricks_workspace.this",
            "azurerm_network_security_group.db_nsg",
            "azurerm_private_dns_zone.databricks",
            "azurerm_private_endpoint.ui_api",
            "azurerm_resource_group.this",
            "azurerm_subnet.endpoints",
            "azurerm_subnet.private",
            "azurerm_subnet.public",
            "azurerm_subnet_network_security_group_association.private",
            "azurerm_subnet_network_security_group_association.public",
            "azurerm_virtual_network.this"
          ]
        }
      ]
    },
    {
      "mode": "managed",
      "type": "azurerm_private_dns_zone",
      "name": "databricks",
      "provider": "provider[\"registry.terraform.io/hashicorp/azurerm\"]",
      "instances": [
        {
          "schema_version": 0,
          "attributes": {
            "id": "/subscriptions/92f8b9d3-e52d-4f27-9ec4-f1720263567c/resourceGroups/rg-cloud-seguro-prod/providers/Microsoft.Network/privateDnsZones/privatelink.azuredatabricks.net",
            "max_number_of_record_sets": 25000,
            "max_number_of_virtual_network_links": 1000,
            "max_number_of_virtual_network_links_with_registration": 100,
            "name": "privatelink.azuredatabricks.net",
            "number_of_record_sets": 3,
            "resource_group_name": "rg-cloud-seguro-prod",
            "soa_record": [
              {
                "email": "azureprivatedns-host.microsoft.com",
                "expire_time": 2419200,
                "fqdn": "privatelink.azuredatabricks.net.",
                "host_name": "azureprivatedns.net",
                "minimum_ttl": 10,
                "refresh_time": 3600,
                "retry_time": 300,
                "serial_number": 1,
                "tags": {},
                "ttl": 3600
              }
            ],
            "tags": {},
            "timeouts": null
          },
          "sensitive_attributes": [],
          "identity_schema_version": 0,
          "identity": {
            "name": "privatelink.azuredatabricks.net",
            "resource_group_name": "rg-cloud-seguro-prod",
            "subscription_id": "92f8b9d3-e52d-4f27-9ec4-f1720263567c"
          },
          "private": "eyJlMmJmYjczMC1lY2FhLTExZTYtOGY4OC0zNDM2M2JjN2M0YzAiOnsiY3JlYXRlIjoxODAwMDAwMDAwMDAwLCJkZWxldGUiOjE4MDAwMDAwMDAwMDAsInJlYWQiOjMwMDAwMDAwMDAwMCwidXBkYXRlIjoxODAwMDAwMDAwMDAwfX0=",
          "dependencies": [
            "azurerm_resource_group.this"
          ]
        }
      ]
    },
    {
      "mode": "managed",
      "type": "azurerm_private_dns_zone_virtual_network_link",
      "name": "access",
      "provider": "provider[\"registry.terraform.io/hashicorp/azurerm\"]",
      "instances": [
        {
          "schema_version": 0,
          "attributes": {
            "id": "/subscriptions/92f8b9d3-e52d-4f27-9ec4-f1720263567c/resourceGroups/rg-cloud-seguro-prod/providers/Microsoft.Network/privateDnsZones/privatelink.azuredatabricks.net/virtualNetworkLinks/db-dns-link-access",
            "name": "db-dns-link-access",
            "private_dns_zone_name": "privatelink.azuredatabricks.net",
            "registration_enabled": false,
            "resolution_policy": "Default",
            "resource_group_name": "rg-cloud-seguro-prod",
            "tags": {},
            "timeouts": null,
            "virtual_network_id": "/subscriptions/92f8b9d3-e52d-4f27-9ec4-f1720263567c/resourceGroups/rg-cloud-seguro-prod/providers/Microsoft.Network/virtualNetworks/vnet-hub-access-eastus"
          },
          "sensitive_attributes": [],
          "identity_schema_version": 0,
          "identity": {
            "name": "db-dns-link-access",
            "private_dns_zone_name": "privatelink.azuredatabricks.net",
            "resource_group_name": "rg-cloud-seguro-prod",
            "subscription_id": "92f8b9d3-e52d-4f27-9ec4-f1720263567c"
          },
          "private": "eyJlMmJmYjczMC1lY2FhLTExZTYtOGY4OC0zNDM2M2JjN2M0YzAiOnsiY3JlYXRlIjoxODAwMDAwMDAwMDAwLCJkZWxldGUiOjE4MDAwMDAwMDAwMDAsInJlYWQiOjMwMDAwMDAwMDAwMCwidXBkYXRlIjoxODAwMDAwMDAwMDAwfX0=",
          "dependencies": [
            "azurerm_private_dns_zone.databricks",
            "azurerm_resource_group.this",
            "azurerm_virtual_network.jumpbox_vnet"
          ]
        }
      ]
    },
    {
      "mode": "managed",
      "type": "azurerm_private_dns_zone_virtual_network_link",
      "name": "this",
      "provider": "provider[\"registry.terraform.io/hashicorp/azurerm\"]",
      "instances": [
        {
          "schema_version": 0,
          "attributes": {
            "id": "/subscriptions/92f8b9d3-e52d-4f27-9ec4-f1720263567c/resourceGroups/rg-cloud-seguro-prod/providers/Microsoft.Network/privateDnsZones/privatelink.azuredatabricks.net/virtualNetworkLinks/db-dns-link",
            "name": "db-dns-link",
            "private_dns_zone_name": "privatelink.azuredatabricks.net",
            "registration_enabled": false,
            "resolution_policy": "Default",
            "resource_group_name": "rg-cloud-seguro-prod",
            "tags": {},
            "timeouts": null,
            "virtual_network_id": "/subscriptions/92f8b9d3-e52d-4f27-9ec4-f1720263567c/resourceGroups/rg-cloud-seguro-prod/providers/Microsoft.Network/virtualNetworks/vnet-backend-prod-eastus2"
          },
          "sensitive_attributes": [],
          "identity_schema_version": 0,
          "identity": {
            "name": "db-dns-link",
            "private_dns_zone_name": "privatelink.azuredatabricks.net",
            "resource_group_name": "rg-cloud-seguro-prod",
            "subscription_id": "92f8b9d3-e52d-4f27-9ec4-f1720263567c"
          },
          "private": "eyJlMmJmYjczMC1lY2FhLTExZTYtOGY4OC0zNDM2M2JjN2M0YzAiOnsiY3JlYXRlIjoxODAwMDAwMDAwMDAwLCJkZWxldGUiOjE4MDAwMDAwMDAwMDAsInJlYWQiOjMwMDAwMDAwMDAwMCwidXBkYXRlIjoxODAwMDAwMDAwMDAwfX0=",
          "dependencies": [
            "azurerm_private_dns_zone.databricks",
            "azurerm_resource_group.this",
            "azurerm_virtual_network.this"
          ]
        }
      ]
    },
    {
      "mode": "managed",
      "type": "azurerm_private_endpoint",
      "name": "ui_api",
      "provider": "provider[\"registry.terraform.io/hashicorp/azurerm\"]",
      "instances": [
        {
          "schema_version": 0,
          "attributes": {
            "custom_dns_configs": [
              {
                "fqdn": "adb-7405606170745850.10.azuredatabricks.net",
                "ip_addresses": [
                  "10.0.3.4"
                ]
              }
            ],
            "custom_network_interface_name": "",
            "edge_zone": "",
            "id": "/subscriptions/92f8b9d3-e52d-4f27-9ec4-f1720263567c/resourceGroups/rg-cloud-seguro-prod/providers/Microsoft.Network/privateEndpoints/pe-dbw-secure-prod-ui",
            "ip_configuration": [],
            "location": "eastus2",
            "name": "pe-dbw-secure-prod-ui",
            "network_interface": [
              {
                "id": "/subscriptions/92f8b9d3-e52d-4f27-9ec4-f1720263567c/resourceGroups/rg-cloud-seguro-prod/providers/Microsoft.Network/networkInterfaces/pe-dbw-secure-prod-ui.nic.6a74fa02-34d5-489d-8805-e876f2165b41",
                "name": "pe-dbw-secure-prod-ui.nic.6a74fa02-34d5-489d-8805-e876f2165b41"
              }
            ],
            "private_dns_zone_configs": [],
            "private_dns_zone_group": [],
            "private_service_connection": [
              {
                "is_manual_connection": false,
                "name": "databricks-ui-connection",
                "private_connection_resource_alias": "",
                "private_connection_resource_id": "/subscriptions/92f8b9d3-e52d-4f27-9ec4-f1720263567c/resourceGroups/rg-cloud-seguro-prod/providers/Microsoft.Databricks/workspaces/dbw-secure-prod",
                "private_ip_address": "10.0.3.4",
                "request_message": "",
                "subresource_names": [
                  "databricks_ui_api"
                ]
              }
            ],
            "resource_group_name": "rg-cloud-seguro-prod",
            "subnet_id": "/subscriptions/92f8b9d3-e52d-4f27-9ec4-f1720263567c/resourceGroups/rg-cloud-seguro-prod/providers/Microsoft.Network/virtualNetworks/vnet-backend-prod-eastus2/subnets/snet-private-links",
            "tags": {},
            "timeouts": null
          },
          "sensitive_attributes": [],
          "identity_schema_version": 0,
          "identity": {
            "name": "pe-dbw-secure-prod-ui",
            "resource_group_name": "rg-cloud-seguro-prod",
            "subscription_id": "92f8b9d3-e52d-4f27-9ec4-f1720263567c"
          },
          "private": "eyJlMmJmYjczMC1lY2FhLTExZTYtOGY4OC0zNDM2M2JjN2M0YzAiOnsiY3JlYXRlIjozNjAwMDAwMDAwMDAwLCJkZWxldGUiOjM2MDAwMDAwMDAwMDAsInJlYWQiOjMwMDAwMDAwMDAwMCwidXBkYXRlIjozNjAwMDAwMDAwMDAwfX0=",
          "dependencies": [
            "azurerm_databricks_workspace.this",
            "azurerm_network_security_group.db_nsg",
            "azurerm_resource_group.this",
            "azurerm_subnet.endpoints",
            "azurerm_subnet.private",
            "azurerm_subnet.public",
            "azurerm_subnet_network_security_group_association.private",
            "azurerm_subnet_network_security_group_association.public",
            "azurerm_virtual_network.this"
          ]
        }
      ]
    },
    {
      "mode": "managed",
      "type": "azurerm_private_endpoint",
      "name": "web_auth",
      "provider": "provider[\"registry.terraform.io/hashicorp/azurerm\"]",
      "instances": [
        {
          "schema_version": 0,
          "attributes": {
            "custom_dns_configs": [
              {
                "fqdn": "eastus2.pl-auth.azuredatabricks.net",
                "ip_addresses": [
                  "10.0.3.5"
                ]
              },
              {
                "fqdn": "eastus2-c2.pl-auth.azuredatabricks.net",
                "ip_addresses": [
                  "10.0.3.6"
                ]
              },
              {
                "fqdn": "eastus2-c3.pl-auth.azuredatabricks.net",
                "ip_addresses": [
                  "10.0.3.7"
                ]
              }
            ],
            "custom_network_interface_name": "",
            "edge_zone": "",
            "id": "/subscriptions/92f8b9d3-e52d-4f27-9ec4-f1720263567c/resourceGroups/rg-cloud-seguro-prod/providers/Microsoft.Network/privateEndpoints/pe-dbw-secure-prod-auth",
            "ip_configuration": [],
            "location": "eastus2",
            "name": "pe-dbw-secure-prod-auth",
            "network_interface": [
              {
                "id": "/subscriptions/92f8b9d3-e52d-4f27-9ec4-f1720263567c/resourceGroups/rg-cloud-seguro-prod/providers/Microsoft.Network/networkInterfaces/pe-dbw-secure-prod-auth.nic.97bf194f-2896-47b2-b0b9-3bcafb2b3f20",
                "name": "pe-dbw-secure-prod-auth.nic.97bf194f-2896-47b2-b0b9-3bcafb2b3f20"
              }
            ],
            "private_dns_zone_configs": [],
            "private_dns_zone_group": [],
            "private_service_connection": [
              {
                "is_manual_connection": false,
                "name": "databricks-auth-connection",
                "private_connection_resource_alias": "",
                "private_connection_resource_id": "/subscriptions/92f8b9d3-e52d-4f27-9ec4-f1720263567c/resourceGroups/rg-cloud-seguro-prod/providers/Microsoft.Databricks/workspaces/dbw-secure-prod",
                "private_ip_address": "10.0.3.5",
                "request_message": "",
                "subresource_names": [
                  "browser_authentication"
                ]
              }
            ],
            "resource_group_name": "rg-cloud-seguro-prod",
            "subnet_id": "/subscriptions/92f8b9d3-e52d-4f27-9ec4-f1720263567c/resourceGroups/rg-cloud-seguro-prod/providers/Microsoft.Network/virtualNetworks/vnet-backend-prod-eastus2/subnets/snet-private-links",
            "tags": {},
            "timeouts": null
          },
          "sensitive_attributes": [],
          "identity_schema_version": 0,
          "identity": {
            "name": "pe-dbw-secure-prod-auth",
            "resource_group_name": "rg-cloud-seguro-prod",
            "subscription_id": "92f8b9d3-e52d-4f27-9ec4-f1720263567c"
          },
          "private": "eyJlMmJmYjczMC1lY2FhLTExZTYtOGY4OC0zNDM2M2JjN2M0YzAiOnsiY3JlYXRlIjozNjAwMDAwMDAwMDAwLCJkZWxldGUiOjM2MDAwMDAwMDAwMDAsInJlYWQiOjMwMDAwMDAwMDAwMCwidXBkYXRlIjozNjAwMDAwMDAwMDAwfX0=",
          "dependencies": [
            "azurerm_databricks_workspace.this",
            "azurerm_network_security_group.db_nsg",
            "azurerm_resource_group.this",
            "azurerm_subnet.endpoints",
            "azurerm_subnet.private",
            "azurerm_subnet.public",
            "azurerm_subnet_network_security_group_association.private",
            "azurerm_subnet_network_security_group_association.public",
            "azurerm_virtual_network.this"
          ]
        }
      ]
    },
    {
      "mode": "managed",
      "type": "azurerm_resource_group",
      "name": "this",
      "provider": "provider[\"registry.terraform.io/hashicorp/azurerm\"]",
      "instances": [
        {
          "schema_version": 0,
          "attributes": {
            "id": "/subscriptions/92f8b9d3-e52d-4f27-9ec4-f1720263567c/resourceGroups/rg-cloud-seguro-prod",
            "location": "eastus2",
            "managed_by": "",
            "name": "rg-cloud-seguro-prod",
            "tags": {},
            "timeouts": null
          },
          "sensitive_attributes": [],
          "identity_schema_version": 0,
          "identity": {
            "name": "rg-cloud-seguro-prod",
            "subscription_id": "92f8b9d3-e52d-4f27-9ec4-f1720263567c"
          },
          "private": "eyJlMmJmYjczMC1lY2FhLTExZTYtOGY4OC0zNDM2M2JjN2M0YzAiOnsiY3JlYXRlIjo1NDAwMDAwMDAwMDAwLCJkZWxldGUiOjU0MDAwMDAwMDAwMDAsInJlYWQiOjMwMDAwMDAwMDAwMCwidXBkYXRlIjo1NDAwMDAwMDAwMDAwfX0="
        }
      ]
    },
    {
      "mode": "managed",
      "type": "azurerm_subnet",
      "name": "endpoints",
      "provider": "provider[\"registry.terraform.io/hashicorp/azurerm\"]",
      "instances": [
        {
          "schema_version": 0,
          "attributes": {
            "address_prefixes": [
              "10.0.3.0/24"
            ],
            "default_outbound_access_enabled": true,
            "delegation": [],
            "id": "/subscriptions/92f8b9d3-e52d-4f27-9ec4-f1720263567c/resourceGroups/rg-cloud-seguro-prod/providers/Microsoft.Network/virtualNetworks/vnet-backend-prod-eastus2/subnets/snet-private-links",
            "ip_address_pool": [],
            "name": "snet-private-links",
            "private_endpoint_network_policies": "Disabled",
            "private_link_service_network_policies_enabled": true,
            "resource_group_name": "rg-cloud-seguro-prod",
            "service_endpoint_policy_ids": [],
            "service_endpoints": [],
            "sharing_scope": "",
            "timeouts": null,
            "virtual_network_name": "vnet-backend-prod-eastus2"
          },
          "sensitive_attributes": [],
          "identity_schema_version": 0,
          "identity": {
            "name": "snet-private-links",
            "resource_group_name": "rg-cloud-seguro-prod",
            "subscription_id": "92f8b9d3-e52d-4f27-9ec4-f1720263567c",
            "virtual_network_name": "vnet-backend-prod-eastus2"
          },
          "private": "eyJlMmJmYjczMC1lY2FhLTExZTYtOGY4OC0zNDM2M2JjN2M0YzAiOnsiY3JlYXRlIjoxODAwMDAwMDAwMDAwLCJkZWxldGUiOjE4MDAwMDAwMDAwMDAsInJlYWQiOjMwMDAwMDAwMDAwMCwidXBkYXRlIjoxODAwMDAwMDAwMDAwfX0=",
          "dependencies": [
            "azurerm_resource_group.this",
            "azurerm_virtual_network.this"
          ]
        }
      ]
    },
    {
      "mode": "managed",
      "type": "azurerm_subnet",
      "name": "private",
      "provider": "provider[\"registry.terraform.io/hashicorp/azurerm\"]",
      "instances": [
        {
          "schema_version": 0,
          "attributes": {
            "address_prefixes": [
              "10.0.2.0/24"
            ],
            "default_outbound_access_enabled": true,
            "delegation": [
              {
                "name": "databricks-delegation-private",
                "service_delegation": [
                  {
                    "actions": [
                      "Microsoft.Network/virtualNetworks/subnets/join/action",
                      "Microsoft.Network/virtualNetworks/subnets/prepareNetworkPolicies/action"
                    ],
                    "name": "Microsoft.Databricks/workspaces"
                  }
                ]
              }
            ],
            "id": "/subscriptions/92f8b9d3-e52d-4f27-9ec4-f1720263567c/resourceGroups/rg-cloud-seguro-prod/providers/Microsoft.Network/virtualNetworks/vnet-backend-prod-eastus2/subnets/snet-dbw-private",
            "ip_address_pool": [],
            "name": "snet-dbw-private",
            "private_endpoint_network_policies": "Disabled",
            "private_link_service_network_policies_enabled": true,
            "resource_group_name": "rg-cloud-seguro-prod",
            "service_endpoint_policy_ids": [],
            "service_endpoints": [],
            "sharing_scope": "",
            "timeouts": null,
            "virtual_network_name": "vnet-backend-prod-eastus2"
          },
          "sensitive_attributes": [],
          "identity_schema_version": 0,
          "identity": {
            "name": "snet-dbw-private",
            "resource_group_name": "rg-cloud-seguro-prod",
            "subscription_id": "92f8b9d3-e52d-4f27-9ec4-f1720263567c",
            "virtual_network_name": "vnet-backend-prod-eastus2"
          },
          "private": "eyJlMmJmYjczMC1lY2FhLTExZTYtOGY4OC0zNDM2M2JjN2M0YzAiOnsiY3JlYXRlIjoxODAwMDAwMDAwMDAwLCJkZWxldGUiOjE4MDAwMDAwMDAwMDAsInJlYWQiOjMwMDAwMDAwMDAwMCwidXBkYXRlIjoxODAwMDAwMDAwMDAwfX0=",
          "dependencies": [
            "azurerm_resource_group.this",
            "azurerm_virtual_network.this"
          ]
        }
      ]
    },
    {
      "mode": "managed",
      "type": "azurerm_subnet",
      "name": "public",
      "provider": "provider[\"registry.terraform.io/hashicorp/azurerm\"]",
      "instances": [
        {
          "schema_version": 0,
          "attributes": {
            "address_prefixes": [
              "10.0.1.0/24"
            ],
            "default_outbound_access_enabled": true,
            "delegation": [
              {
                "name": "databricks-delegation-public",
                "service_delegation": [
                  {
                    "actions": [
                      "Microsoft.Network/virtualNetworks/subnets/join/action",
                      "Microsoft.Network/virtualNetworks/subnets/prepareNetworkPolicies/action"
                    ],
                    "name": "Microsoft.Databricks/workspaces"
                  }
                ]
              }
            ],
            "id": "/subscriptions/92f8b9d3-e52d-4f27-9ec4-f1720263567c/resourceGroups/rg-cloud-seguro-prod/providers/Microsoft.Network/virtualNetworks/vnet-backend-prod-eastus2/subnets/snet-dbw-public",
            "ip_address_pool": [],
            "name": "snet-dbw-public",
            "private_endpoint_network_policies": "Disabled",
            "private_link_service_network_policies_enabled": true,
            "resource_group_name": "rg-cloud-seguro-prod",
            "service_endpoint_policy_ids": [],
            "service_endpoints": [],
            "sharing_scope": "",
            "timeouts": null,
            "virtual_network_name": "vnet-backend-prod-eastus2"
          },
          "sensitive_attributes": [],
          "identity_schema_version": 0,
          "identity": {
            "name": "snet-dbw-public",
            "resource_group_name": "rg-cloud-seguro-prod",
            "subscription_id": "92f8b9d3-e52d-4f27-9ec4-f1720263567c",
            "virtual_network_name": "vnet-backend-prod-eastus2"
          },
          "private": "eyJlMmJmYjczMC1lY2FhLTExZTYtOGY4OC0zNDM2M2JjN2M0YzAiOnsiY3JlYXRlIjoxODAwMDAwMDAwMDAwLCJkZWxldGUiOjE4MDAwMDAwMDAwMDAsInJlYWQiOjMwMDAwMDAwMDAwMCwidXBkYXRlIjoxODAwMDAwMDAwMDAwfX0=",
          "dependencies": [
            "azurerm_resource_group.this",
            "azurerm_virtual_network.this"
          ]
        }
      ]
    },
    {
      "mode": "managed",
      "type": "azurerm_subnet_network_security_group_association",
      "name": "private",
      "provider": "provider[\"registry.terraform.io/hashicorp/azurerm\"]",
      "instances": [
        {
          "schema_version": 0,
          "attributes": {
            "id": "/subscriptions/92f8b9d3-e52d-4f27-9ec4-f1720263567c/resourceGroups/rg-cloud-seguro-prod/providers/Microsoft.Network/virtualNetworks/vnet-backend-prod-eastus2/subnets/snet-dbw-private",
            "network_security_group_id": "/subscriptions/92f8b9d3-e52d-4f27-9ec4-f1720263567c/resourceGroups/rg-cloud-seguro-prod/providers/Microsoft.Network/networkSecurityGroups/nsg-databricks-seguro",
            "subnet_id": "/subscriptions/92f8b9d3-e52d-4f27-9ec4-f1720263567c/resourceGroups/rg-cloud-seguro-prod/providers/Microsoft.Network/virtualNetworks/vnet-backend-prod-eastus2/subnets/snet-dbw-private",
            "timeouts": null
          },
          "sensitive_attributes": [],
          "identity_schema_version": 0,
          "private": "eyJlMmJmYjczMC1lY2FhLTExZTYtOGY4OC0zNDM2M2JjN2M0YzAiOnsiY3JlYXRlIjoxODAwMDAwMDAwMDAwLCJkZWxldGUiOjE4MDAwMDAwMDAwMDAsInJlYWQiOjMwMDAwMDAwMDAwMH19",
          "dependencies": [
            "azurerm_network_security_group.db_nsg",
            "azurerm_resource_group.this",
            "azurerm_subnet.private",
            "azurerm_virtual_network.this"
          ]
        }
      ]
    },
    {
      "mode": "managed",
      "type": "azurerm_subnet_network_security_group_association",
      "name": "public",
      "provider": "provider[\"registry.terraform.io/hashicorp/azurerm\"]",
      "instances": [
        {
          "schema_version": 0,
          "attributes": {
            "id": "/subscriptions/92f8b9d3-e52d-4f27-9ec4-f1720263567c/resourceGroups/rg-cloud-seguro-prod/providers/Microsoft.Network/virtualNetworks/vnet-backend-prod-eastus2/subnets/snet-dbw-public",
            "network_security_group_id": "/subscriptions/92f8b9d3-e52d-4f27-9ec4-f1720263567c/resourceGroups/rg-cloud-seguro-prod/providers/Microsoft.Network/networkSecurityGroups/nsg-databricks-seguro",
            "subnet_id": "/subscriptions/92f8b9d3-e52d-4f27-9ec4-f1720263567c/resourceGroups/rg-cloud-seguro-prod/providers/Microsoft.Network/virtualNetworks/vnet-backend-prod-eastus2/subnets/snet-dbw-public",
            "timeouts": null
          },
          "sensitive_attributes": [],
          "identity_schema_version": 0,
          "private": "eyJlMmJmYjczMC1lY2FhLTExZTYtOGY4OC0zNDM2M2JjN2M0YzAiOnsiY3JlYXRlIjoxODAwMDAwMDAwMDAwLCJkZWxldGUiOjE4MDAwMDAwMDAwMDAsInJlYWQiOjMwMDAwMDAwMDAwMH19",
          "dependencies": [
            "azurerm_network_security_group.db_nsg",
            "azurerm_resource_group.this",
            "azurerm_subnet.public",
            "azurerm_virtual_network.this"
          ]
        }
      ]
    },
    {
      "mode": "managed",
      "type": "azurerm_virtual_network",
      "name": "jumpbox_vnet",
      "provider": "provider[\"registry.terraform.io/hashicorp/azurerm\"]",
      "instances": [
        {
          "schema_version": 0,
          "attributes": {
            "address_space": [
              "10.1.0.0/16"
            ],
            "bgp_community": "",
            "ddos_protection_plan": [],
            "dns_servers": [],
            "edge_zone": "",
            "encryption": [],
            "flow_timeout_in_minutes": 0,
            "guid": "4a47cdbe-427e-445d-bbcd-98a5f4462105",
            "id": "/subscriptions/92f8b9d3-e52d-4f27-9ec4-f1720263567c/resourceGroups/rg-cloud-seguro-prod/providers/Microsoft.Network/virtualNetworks/vnet-hub-access-eastus",
            "ip_address_pool": [],
            "location": "eastus",
            "name": "vnet-hub-access-eastus",
            "private_endpoint_vnet_policies": "Disabled",
            "resource_group_name": "rg-cloud-seguro-prod",
            "subnet": [],
            "tags": {},
            "timeouts": null
          },
          "sensitive_attributes": [],
          "identity_schema_version": 0,
          "identity": {
            "name": "vnet-hub-access-eastus",
            "resource_group_name": "rg-cloud-seguro-prod",
            "subscription_id": "92f8b9d3-e52d-4f27-9ec4-f1720263567c"
          },
          "private": "eyJlMmJmYjczMC1lY2FhLTExZTYtOGY4OC0zNDM2M2JjN2M0YzAiOnsiY3JlYXRlIjoxODAwMDAwMDAwMDAwLCJkZWxldGUiOjE4MDAwMDAwMDAwMDAsInJlYWQiOjMwMDAwMDAwMDAwMCwidXBkYXRlIjoxODAwMDAwMDAwMDAwfX0=",
          "dependencies": [
            "azurerm_resource_group.this"
          ]
        }
      ]
    },
    {
      "mode": "managed",
      "type": "azurerm_virtual_network",
      "name": "this",
      "provider": "provider[\"registry.terraform.io/hashicorp/azurerm\"]",
      "instances": [
        {
          "schema_version": 0,
          "attributes": {
            "address_space": [
              "10.0.0.0/16"
            ],
            "bgp_community": "",
            "ddos_protection_plan": [],
            "dns_servers": [],
            "edge_zone": "",
            "encryption": [],
            "flow_timeout_in_minutes": 0,
            "guid": "c6d61497-3464-407e-9787-ebe48c8d9531",
            "id": "/subscriptions/92f8b9d3-e52d-4f27-9ec4-f1720263567c/resourceGroups/rg-cloud-seguro-prod/providers/Microsoft.Network/virtualNetworks/vnet-backend-prod-eastus2",
            "ip_address_pool": [],
            "location": "eastus2",
            "name": "vnet-backend-prod-eastus2",
            "private_endpoint_vnet_policies": "Disabled",
            "resource_group_name": "rg-cloud-seguro-prod",
            "subnet": [
              {
                "address_prefixes": [
                  "10.0.1.0/24"
                ],
                "default_outbound_access_enabled": true,
                "delegation": [
                  {
                    "name": "databricks-delegation-public",
                    "service_delegation": [
                      {
                        "actions": [
                          "Microsoft.Network/virtualNetworks/subnets/join/action",
                          "Microsoft.Network/virtualNetworks/subnets/prepareNetworkPolicies/action",
                          "Microsoft.Network/virtualNetworks/subnets/unprepareNetworkPolicies/action"
                        ],
                        "name": "Microsoft.Databricks/workspaces"
                      }
                    ]
                  }
                ],
                "id": "/subscriptions/92f8b9d3-e52d-4f27-9ec4-f1720263567c/resourceGroups/rg-cloud-seguro-prod/providers/Microsoft.Network/virtualNetworks/vnet-backend-prod-eastus2/subnets/snet-dbw-public",
                "name": "snet-dbw-public",
                "private_endpoint_network_policies": "Disabled",
                "private_link_service_network_policies_enabled": true,
                "route_table_id": "",
                "security_group": "/subscriptions/92f8b9d3-e52d-4f27-9ec4-f1720263567c/resourceGroups/rg-cloud-seguro-prod/providers/Microsoft.Network/networkSecurityGroups/nsg-databricks-seguro",
                "service_endpoint_policy_ids": [],
                "service_endpoints": []
              },
              {
                "address_prefixes": [
                  "10.0.2.0/24"
                ],
                "default_outbound_access_enabled": true,
                "delegation": [
                  {
                    "name": "databricks-delegation-private",
                    "service_delegation": [
                      {
                        "actions": [
                          "Microsoft.Network/virtualNetworks/subnets/join/action",
                          "Microsoft.Network/virtualNetworks/subnets/prepareNetworkPolicies/action",
                          "Microsoft.Network/virtualNetworks/subnets/unprepareNetworkPolicies/action"
                        ],
                        "name": "Microsoft.Databricks/workspaces"
                      }
                    ]
                  }
                ],
                "id": "/subscriptions/92f8b9d3-e52d-4f27-9ec4-f1720263567c/resourceGroups/rg-cloud-seguro-prod/providers/Microsoft.Network/virtualNetworks/vnet-backend-prod-eastus2/subnets/snet-dbw-private",
                "name": "snet-dbw-private",
                "private_endpoint_network_policies": "Disabled",
                "private_link_service_network_policies_enabled": true,
                "route_table_id": "",
                "security_group": "/subscriptions/92f8b9d3-e52d-4f27-9ec4-f1720263567c/resourceGroups/rg-cloud-seguro-prod/providers/Microsoft.Network/networkSecurityGroups/nsg-databricks-seguro",
                "service_endpoint_policy_ids": [],
                "service_endpoints": []
              },
              {
                "address_prefixes": [
                  "10.0.3.0/24"
                ],
                "default_outbound_access_enabled": true,
                "delegation": [],
                "id": "/subscriptions/92f8b9d3-e52d-4f27-9ec4-f1720263567c/resourceGroups/rg-cloud-seguro-prod/providers/Microsoft.Network/virtualNetworks/vnet-backend-prod-eastus2/subnets/snet-private-links",
                "name": "snet-private-links",
                "private_endpoint_network_policies": "Disabled",
                "private_link_service_network_policies_enabled": true,
                "route_table_id": "",
                "security_group": "",
                "service_endpoint_policy_ids": [],
                "service_endpoints": []
              }
            ],
            "tags": {},
            "timeouts": null
          },
          "sensitive_attributes": [],
          "identity_schema_version": 0,
          "identity": {
            "name": "vnet-backend-prod-eastus2",
            "resource_group_name": "rg-cloud-seguro-prod",
            "subscription_id": "92f8b9d3-e52d-4f27-9ec4-f1720263567c"
          },
          "private": "eyJlMmJmYjczMC1lY2FhLTExZTYtOGY4OC0zNDM2M2JjN2M0YzAiOnsiY3JlYXRlIjoxODAwMDAwMDAwMDAwLCJkZWxldGUiOjE4MDAwMDAwMDAwMDAsInJlYWQiOjMwMDAwMDAwMDAwMCwidXBkYXRlIjoxODAwMDAwMDAwMDAwfX0=",
          "dependencies": [
            "azurerm_resource_group.this"
          ]
        }
      ]
    },
    {
      "mode": "managed",
      "type": "databricks_job",
      "name": "pipeline_rudo",
      "provider": "provider[\"registry.terraform.io/databricks/databricks\"]",
      "instances": [
        {
          "schema_version": 2,
          "attributes": {
            "always_running": false,
            "budget_policy_id": null,
            "continuous": [],
            "control_run_state": false,
            "dbt_task": [],
            "deployment": [],
            "description": null,
            "edit_mode": null,
            "email_notifications": [
              {
                "no_alert_for_skipped_runs": false,
                "on_duration_warning_threshold_exceeded": null,
                "on_failure": [
                  "edithbaga@tuta.com"
                ],
                "on_start": null,
                "on_streaming_backlog_exceeded": null,
                "on_success": null
              }
            ],
            "environment": [],
            "existing_cluster_id": null,
            "format": "MULTI_TASK",
            "git_source": [],
            "health": [],
            "id": "533958412827377",
            "job_cluster": [],
            "library": [],
            "max_concurrent_runs": 1,
            "max_retries": 0,
            "min_retry_interval_millis": 0,
            "name": "wf-analytics-ventas-rudo-prod",
            "new_cluster": [],
            "notebook_task": [],
            "notification_settings": [],
            "parameter": [],
            "parent_path": null,
            "performance_target": null,
            "pipeline_task": [],
            "provider_config": [
              {
                "workspace_id": "7405606170745850"
              }
            ],
            "python_wheel_task": [],
            "queue": [
              {
                "enabled": false
              }
            ],
            "retry_on_timeout": false,
            "run_as": [
              {
                "group_name": "",
                "service_principal_name": "",
                "user_name": "edithbaga@tuta.com"
              }
            ],
            "run_job_task": [],
            "schedule": [
              {
                "pause_status": "UNPAUSED",
                "quartz_cron_expression": "0 0 2 * * ?",
                "sql_condition": [],
                "timezone_id": "America/Mexico_City"
              }
            ],
            "spark_jar_task": [],
            "spark_python_task": [],
            "spark_submit_task": [],
            "tags": {
              "DataProduct": "Commercial-Intelligence",
              "Developer": "Susana Edith Barrientos Galicia",
              "Layer": "Orchestration"
            },
            "task": [
              {
                "ai_runtime_task": [],
                "alert_task": [],
                "clean_rooms_notebook_task": [],
                "compute": [],
                "condition_task": [],
                "dashboard_task": [],
                "dbt_cloud_task": [],
                "dbt_platform_task": [],
                "dbt_task": [],
                "depends_on": [
                  {
                    "outcome": "",
                    "task_key": "transformacion_silver"
                  }
                ],
                "description": "",
                "disable_auto_optimization": false,
                "disabled": false,
                "email_notifications": [
                  {
                    "no_alert_for_skipped_runs": false,
                    "on_duration_warning_threshold_exceeded": [],
                    "on_failure": [],
                    "on_start": [],
                    "on_streaming_backlog_exceeded": [],
                    "on_success": []
                  }
                ],
                "environment_key": "",
                "existing_cluster_id": "",
                "for_each_task": [],
                "gen_ai_compute_task": [],
                "health": [],
                "job_cluster_key": "",
                "library": [],
                "max_retries": 0,
                "min_retry_interval_millis": 0,
                "new_cluster": [
                  {
                    "__apply_policy_default_values_allow_list": null,
                    "apply_policy_default_values": false,
                    "autoscale": [],
                    "aws_attributes": [],
                    "azure_attributes": [
                      {
                        "availability": "ON_DEMAND_AZURE",
                        "capacity_reservation_group": "",
                        "first_on_demand": 0,
                        "log_analytics_info": [],
                        "spot_bid_max_price": 0
                      }
                    ],
                    "cluster_id": "",
                    "cluster_log_conf": [],
                    "cluster_mount_info": [],
                    "cluster_name": "",
                    "custom_tags": null,
                    "data_security_mode": "SINGLE_USER",
                    "docker_image": [],
                    "driver_instance_pool_id": "",
                    "driver_node_type_flexibility": [],
                    "driver_node_type_id": "",
                    "enable_elastic_disk": true,
                    "enable_local_disk_encryption": false,
                    "gcp_attributes": [],
                    "idempotency_token": "",
                    "init_scripts": [],
                    "instance_pool_id": "",
                    "is_single_node": false,
                    "kind": "",
                    "library": [],
                    "node_type_id": "Standard_D4ds_v5",
                    "num_workers": 2,
                    "policy_id": "",
                    "provider_config": [],
                    "remote_disk_throughput": 0,
                    "runtime_engine": "",
                    "single_user_name": "",
                    "spark_conf": {
                      "spark.sql.shuffle.partitions": "auto"
                    },
                    "spark_env_vars": null,
                    "spark_version": "14.3.x-scala2.12",
                    "ssh_public_keys": null,
                    "total_initial_remote_disk_size": 0,
                    "use_ml_runtime": false,
                    "worker_node_type_flexibility": [],
                    "workload_type": []
                  }
                ],
                "notebook_task": [
                  {
                    "base_parameters": null,
                    "notebook_path": "/Production/Pipelines/03_Metrics_Gold",
                    "source": "WORKSPACE",
                    "warehouse_id": ""
                  }
                ],
                "notification_settings": [],
                "pipeline_task": [],
                "power_bi_task": [],
                "python_operator_task": [],
                "python_wheel_task": [],
                "retry_on_timeout": false,
                "run_if": "ALL_SUCCESS",
                "run_job_task": [],
                "spark_jar_task": [],
                "spark_python_task": [],
                "spark_submit_task": [],
                "sql_task": [],
                "task_key": "agregacion_gold",
                "timeout_seconds": 0,
                "webhook_notifications": []
              },
              {
                "ai_runtime_task": [],
                "alert_task": [],
                "clean_rooms_notebook_task": [],
                "compute": [],
                "condition_task": [],
                "dashboard_task": [],
                "dbt_cloud_task": [],
                "dbt_platform_task": [],
                "dbt_task": [],
                "depends_on": [],
                "description": "",
                "disable_auto_optimization": false,
                "disabled": false,
                "email_notifications": [
                  {
                    "no_alert_for_skipped_runs": false,
                    "on_duration_warning_threshold_exceeded": [],
                    "on_failure": [],
                    "on_start": [],
                    "on_streaming_backlog_exceeded": [],
                    "on_success": []
                  }
                ],
                "environment_key": "",
                "existing_cluster_id": "",
                "for_each_task": [],
                "gen_ai_compute_task": [],
                "health": [],
                "job_cluster_key": "",
                "library": [],
                "max_retries": 0,
                "min_retry_interval_millis": 0,
                "new_cluster": [
                  {
                    "__apply_policy_default_values_allow_list": null,
                    "apply_policy_default_values": false,
                    "autoscale": [],
                    "aws_attributes": [],
                    "azure_attributes": [
                      {
                        "availability": "ON_DEMAND_AZURE",
                        "capacity_reservation_group": "",
                        "first_on_demand": 0,
                        "log_analytics_info": [],
                        "spot_bid_max_price": 0
                      }
                    ],
                    "cluster_id": "",
                    "cluster_log_conf": [],
                    "cluster_mount_info": [],
                    "cluster_name": "",
                    "custom_tags": null,
                    "data_security_mode": "SINGLE_USER",
                    "docker_image": [],
                    "driver_instance_pool_id": "",
                    "driver_node_type_flexibility": [],
                    "driver_node_type_id": "",
                    "enable_elastic_disk": true,
                    "enable_local_disk_encryption": false,
                    "gcp_attributes": [],
                    "idempotency_token": "",
                    "init_scripts": [],
                    "instance_pool_id": "",
                    "is_single_node": false,
                    "kind": "",
                    "library": [],
                    "node_type_id": "Standard_D4ds_v5",
                    "num_workers": 2,
                    "policy_id": "",
                    "provider_config": [],
                    "remote_disk_throughput": 0,
                    "runtime_engine": "",
                    "single_user_name": "",
                    "spark_conf": {
                      "spark.sql.shuffle.partitions": "auto"
                    },
                    "spark_env_vars": null,
                    "spark_version": "14.3.x-scala2.12",
                    "ssh_public_keys": null,
                    "total_initial_remote_disk_size": 0,
                    "use_ml_runtime": false,
                    "worker_node_type_flexibility": [],
                    "workload_type": []
                  }
                ],
                "notebook_task": [
                  {
                    "base_parameters": null,
                    "notebook_path": "/Production/Pipelines/01_Ingest_Bronze",
                    "source": "WORKSPACE",
                    "warehouse_id": ""
                  }
                ],
                "notification_settings": [],
                "pipeline_task": [],
                "power_bi_task": [],
                "python_operator_task": [],
                "python_wheel_task": [],
                "retry_on_timeout": false,
                "run_if": "ALL_SUCCESS",
                "run_job_task": [],
                "spark_jar_task": [],
                "spark_python_task": [],
                "spark_submit_task": [],
                "sql_task": [],
                "task_key": "ingesta_bronze",
                "timeout_seconds": 0,
                "webhook_notifications": []
              },
              {
                "ai_runtime_task": [],
                "alert_task": [],
                "clean_rooms_notebook_task": [],
                "compute": [],
                "condition_task": [],
                "dashboard_task": [],
                "dbt_cloud_task": [],
                "dbt_platform_task": [],
                "dbt_task": [],
                "depends_on": [
                  {
                    "outcome": "",
                    "task_key": "ingesta_bronze"
                  }
                ],
                "description": "",
                "disable_auto_optimization": false,
                "disabled": false,
                "email_notifications": [
                  {
                    "no_alert_for_skipped_runs": false,
                    "on_duration_warning_threshold_exceeded": [],
                    "on_failure": [],
                    "on_start": [],
                    "on_streaming_backlog_exceeded": [],
                    "on_success": []
                  }
                ],
                "environment_key": "",
                "existing_cluster_id": "",
                "for_each_task": [],
                "gen_ai_compute_task": [],
                "health": [],
                "job_cluster_key": "",
                "library": [],
                "max_retries": 0,
                "min_retry_interval_millis": 0,
                "new_cluster": [
                  {
                    "__apply_policy_default_values_allow_list": null,
                    "apply_policy_default_values": false,
                    "autoscale": [],
                    "aws_attributes": [],
                    "azure_attributes": [
                      {
                        "availability": "ON_DEMAND_AZURE",
                        "capacity_reservation_group": "",
                        "first_on_demand": 0,
                        "log_analytics_info": [],
                        "spot_bid_max_price": 0
                      }
                    ],
                    "cluster_id": "",
                    "cluster_log_conf": [],
                    "cluster_mount_info": [],
                    "cluster_name": "",
                    "custom_tags": null,
                    "data_security_mode": "SINGLE_USER",
                    "docker_image": [],
                    "driver_instance_pool_id": "",
                    "driver_node_type_flexibility": [],
                    "driver_node_type_id": "",
                    "enable_elastic_disk": true,
                    "enable_local_disk_encryption": false,
                    "gcp_attributes": [],
                    "idempotency_token": "",
                    "init_scripts": [],
                    "instance_pool_id": "",
                    "is_single_node": false,
                    "kind": "",
                    "library": [],
                    "node_type_id": "Standard_D4ds_v5",
                    "num_workers": 2,
                    "policy_id": "",
                    "provider_config": [],
                    "remote_disk_throughput": 0,
                    "runtime_engine": "",
                    "single_user_name": "",
                    "spark_conf": {
                      "spark.sql.shuffle.partitions": "auto"
                    },
                    "spark_env_vars": null,
                    "spark_version": "14.3.x-scala2.12",
                    "ssh_public_keys": null,
                    "total_initial_remote_disk_size": 0,
                    "use_ml_runtime": false,
                    "worker_node_type_flexibility": [],
                    "workload_type": []
                  }
                ],
                "notebook_task": [
                  {
                    "base_parameters": null,
                    "notebook_path": "/Production/Pipelines/02_Clean_Silver",
                    "source": "WORKSPACE",
                    "warehouse_id": ""
                  }
                ],
                "notification_settings": [],
                "pipeline_task": [],
                "power_bi_task": [],
                "python_operator_task": [],
                "python_wheel_task": [],
                "retry_on_timeout": false,
                "run_if": "ALL_SUCCESS",
                "run_job_task": [],
                "spark_jar_task": [],
                "spark_python_task": [],
                "spark_submit_task": [],
                "sql_task": [],
                "task_key": "transformacion_silver",
                "timeout_seconds": 0,
                "webhook_notifications": []
              }
            ],
            "timeout_seconds": 0,
            "timeouts": null,
            "trigger": [],
            "url": "https://adb-7405606170745850.10.azuredatabricks.net/#job/533958412827377",
            "usage_policy_id": null,
            "webhook_notifications": [
              {
                "on_duration_warning_threshold_exceeded": [],
                "on_failure": [],
                "on_start": [],
                "on_streaming_backlog_exceeded": [],
                "on_success": []
              }
            ]
          },
          "sensitive_attributes": [],
          "identity_schema_version": 0,
          "private": "eyJlMmJmYjczMC1lY2FhLTExZTYtOGY4OC0zNDM2M2JjN2M0YzAiOnsiY3JlYXRlIjoxODAwMDAwMDAwMDAwLCJ1cGRhdGUiOjE4MDAwMDAwMDAwMDB9LCJzY2hlbWFfdmVyc2lvbiI6IjIifQ==",
          "dependencies": [
            "azurerm_databricks_workspace.this",
            "azurerm_network_security_group.db_nsg",
            "azurerm_resource_group.this",
            "azurerm_subnet.private",
            "azurerm_subnet.public",
            "azurerm_subnet_network_security_group_association.private",
            "azurerm_subnet_network_security_group_association.public",
            "azurerm_virtual_network.this"
          ]
        }
      ]
    }
  ],
  "check_results": null
}
